
Microsoft Visual Studio Solution File, Format Version 12.00
# Visual Studio 2015
Project("{FAE04EC0-301F-11D3-BF4B-00C04F79EFBC}") = "Robocodo.CSharp", "Robocodo.CSharp.csproj", "{67AD220E-6C68-01CF-8045-34D53AD58D4B}"
EndProject
Project("{FAE04EC0-301F-11D3-BF4B-00C04F79EFBC}") = "Robocodo.CSharp.Tests", "Robocodo.CSharp.Tests\Robocodo.CSharp.Tests.csproj", "{9910AC38-A85F-4E05-9160-63F6E07E29C7}"
EndProject
Global
	GlobalSection(SolutionConfigurationPlatforms) = preSolution
		Debug|Any CPU = Debug|Any CPU
		Release|Any CPU = Release|Any CPU
	EndGlobalSection
	GlobalSection(ProjectConfigurationPlatforms) = postSolution
		{67AD220E-6C68-01CF-8045-34D53AD58D4B}.Debug|Any CPU.ActiveCfg = Debug|Any CPU
		{67AD220E-6C68-01CF-8045-34D53AD58D4B}.Debug|Any CPU.Build.0 = Debug|Any CPU
		{67AD220E-6C68-01CF-8045-34D53AD58D4B}.Release|Any CPU.ActiveCfg = Release|Any CPU
		{67AD220E-6C68-01CF-8045-34D53AD58D4B}.Release|Any CPU.Build.0 = Release|Any CPU
		{9910AC38-A85F-4E05-9160-63F6E07E29C7}.Debug|Any CPU.ActiveCfg = Debug|Any CPU
		{9910AC38-A85F-4E05-9160-63F6E07E29C7}.Debug|Any CPU.Build.0 = Debug|Any CPU
		{9910AC38-A85F-4E05-9160-63F6E07E29C7}.Release|Any CPU.ActiveCfg = Release|Any CPU
		{9910AC38-A85F-4E05-9160-63F6E07E29C7}.Release|Any CPU.Build.0 = Release|Any CPU
	EndGlobalSection
	GlobalSection(SolutionProperties) = preSolution
		HideSolutionNode = FALSE
	EndGlobalSection
EndGlobal
